
Microsoft Visual Studio Solution File, Format Version 12.00
# Visual Studio Version 17
VisualStudioVersion = 17.0.31710.8
MinimumVisualStudioVersion = 10.0.40219.1
Project("{FAE04EC0-301F-11D3-BF4B-00C04F79EFBC}") = "MyMvvmCrossTemplate.Core", "MyMvvmCrossTemplate.Core\MyMvvmCrossTemplate.Core.csproj", "{491AC8F4-46E7-4524-A7D4-F4544627F276}"
EndProject
Project("{FAE04EC0-301F-11D3-BF4B-00C04F79EFBC}") = "MyMvvmCrossTemplate.Wpf", "MyMvvmCrossTemplate.Wpf\MyMvvmCrossTemplate.Wpf.csproj", "{B9341D23-5494-43DF-9426-ECDC822FCCD3}"
EndProject
Global
	GlobalSection(SolutionConfigurationPlatforms) = preSolution
		Debug|Any CPU = Debug|Any CPU
		Release|Any CPU = Release|Any CPU
	EndGlobalSection
	GlobalSection(ProjectConfigurationPlatforms) = postSolution
		{491AC8F4-46E7-4524-A7D4-F4544627F276}.Debug|Any CPU.ActiveCfg = Debug|Any CPU
		{491AC8F4-46E7-4524-A7D4-F4544627F276}.Debug|Any CPU.Build.0 = Debug|Any CPU
		{491AC8F4-46E7-4524-A7D4-F4544627F276}.Release|Any CPU.ActiveCfg = Release|Any CPU
		{491AC8F4-46E7-4524-A7D4-F4544627F276}.Release|Any CPU.Build.0 = Release|Any CPU
		{B9341D23-5494-43DF-9426-ECDC822FCCD3}.Debug|Any CPU.ActiveCfg = Debug|Any CPU
		{B9341D23-5494-43DF-9426-ECDC822FCCD3}.Debug|Any CPU.Build.0 = Debug|Any CPU
		{B9341D23-5494-43DF-9426-ECDC822FCCD3}.Release|Any CPU.ActiveCfg = Release|Any CPU
		{B9341D23-5494-43DF-9426-ECDC822FCCD3}.Release|Any CPU.Build.0 = Release|Any CPU
	EndGlobalSection
	GlobalSection(SolutionProperties) = preSolution
		HideSolutionNode = FALSE
	EndGlobalSection
	GlobalSection(ExtensibilityGlobals) = postSolution
		SolutionGuid = {EC8CD650-EBE1-4E4A-B4FF-C269E2FCDD33}
	EndGlobalSection
EndGlobal
